
Microsoft Visual Studio Solution File, Format Version 12.00
# Visual Studio Version 17
VisualStudioVersion = 17.3.32901.215
MinimumVisualStudioVersion = 10.0.40219.1
Project("{FAE04EC0-301F-11D3-BF4B-00C04F79EFBC}") = "WebApplicationNavigation", "WebApplicationNavigation\WebApplicationNavigation.csproj", "{7A1BC5F5-C22A-48A6-8E7C-53BEB466595B}"
EndProject
Global
	GlobalSection(SolutionConfigurationPlatforms) = preSolution
		Debug|Any CPU = Debug|Any CPU
		Release|Any CPU = Release|Any CPU
	EndGlobalSection
	GlobalSection(ProjectConfigurationPlatforms) = postSolution
		{7A1BC5F5-C22A-48A6-8E7C-53BEB466595B}.Debug|Any CPU.ActiveCfg = Debug|Any CPU
		{7A1BC5F5-C22A-48A6-8E7C-53BEB466595B}.Debug|Any CPU.Build.0 = Debug|Any CPU
		{7A1BC5F5-C22A-48A6-8E7C-53BEB466595B}.Release|Any CPU.ActiveCfg = Release|Any CPU
		{7A1BC5F5-C22A-48A6-8E7C-53BEB466595B}.Release|Any CPU.Build.0 = Release|Any CPU
	EndGlobalSection
	GlobalSection(SolutionProperties) = preSolution
		HideSolutionNode = FALSE
	EndGlobalSection
	GlobalSection(ExtensibilityGlobals) = postSolution
		SolutionGuid = {1D5BB61A-B497-4B37-ACBA-7736F69B73F8}
	EndGlobalSection
EndGlobal
